
Microsoft Visual Studio Solution File, Format Version 12.00
# Visual Studio Version 17
VisualStudioVersion = 17.6.33723.286
MinimumVisualStudioVersion = 10.0.40219.1
Project("{FAE04EC0-301F-11D3-BF4B-00C04F79EFBC}") = "DRY-Dont't_Repeat_Yourself", "DRY-Dont't_Repeat_Yourself\DRY-Dont't_Repeat_Yourself.csproj", "{96FC69F9-4958-4EB6-BF7C-70E7CDD2E7D7}"
EndProject
Global
	GlobalSection(SolutionConfigurationPlatforms) = preSolution
		Debug|Any CPU = Debug|Any CPU
		Release|Any CPU = Release|Any CPU
	EndGlobalSection
	GlobalSection(ProjectConfigurationPlatforms) = postSolution
		{96FC69F9-4958-4EB6-BF7C-70E7CDD2E7D7}.Debug|Any CPU.ActiveCfg = Debug|Any CPU
		{96FC69F9-4958-4EB6-BF7C-70E7CDD2E7D7}.Debug|Any CPU.Build.0 = Debug|Any CPU
		{96FC69F9-4958-4EB6-BF7C-70E7CDD2E7D7}.Release|Any CPU.ActiveCfg = Release|Any CPU
		{96FC69F9-4958-4EB6-BF7C-70E7CDD2E7D7}.Release|Any CPU.Build.0 = Release|Any CPU
	EndGlobalSection
	GlobalSection(SolutionProperties) = preSolution
		HideSolutionNode = FALSE
	EndGlobalSection
	GlobalSection(ExtensibilityGlobals) = postSolution
		SolutionGuid = {0B9A3996-6B80-490C-A033-506952EB20ED}
	EndGlobalSection
EndGlobal
